
Microsoft Visual Studio Solution File, Format Version 11.00
# Visual Studio 2010
Project("{FAE04EC0-301F-11D3-BF4B-00C04F79EFBC}") = "Assembly-CSharp", "Assembly-CSharp.csproj", "{21F25E03-A8FD-AF58-260B-05C600A8C724}"
EndProject
Project("{FAE04EC0-301F-11D3-BF4B-00C04F79EFBC}") = "Assembly-CSharp-firstpass", "Assembly-CSharp-firstpass.csproj", "{7BB798A2-48AD-4D8F-C4A9-454A8F37D539}"
EndProject
Project("{FAE04EC0-301F-11D3-BF4B-00C04F79EFBC}") = "Assembly-CSharp-Editor-firstpass", "Assembly-CSharp-Editor-firstpass.csproj", "{23380CD8-9F0A-46A4-B32B-34813B02F362}"
EndProject
Global
	GlobalSection(SolutionConfigurationPlatforms) = preSolution
		Debug|Any CPU = Debug|Any CPU
		Release|Any CPU = Release|Any CPU
	EndGlobalSection
	GlobalSection(ProjectConfigurationPlatforms) = postSolution
		{21F25E03-A8FD-AF58-260B-05C600A8C724}.Debug|Any CPU.ActiveCfg = Debug|Any CPU
		{21F25E03-A8FD-AF58-260B-05C600A8C724}.Debug|Any CPU.Build.0 = Debug|Any CPU
		{21F25E03-A8FD-AF58-260B-05C600A8C724}.Release|Any CPU.ActiveCfg = Release|Any CPU
		{21F25E03-A8FD-AF58-260B-05C600A8C724}.Release|Any CPU.Build.0 = Release|Any CPU
		{7BB798A2-48AD-4D8F-C4A9-454A8F37D539}.Debug|Any CPU.ActiveCfg = Debug|Any CPU
		{7BB798A2-48AD-4D8F-C4A9-454A8F37D539}.Debug|Any CPU.Build.0 = Debug|Any CPU
		{7BB798A2-48AD-4D8F-C4A9-454A8F37D539}.Release|Any CPU.ActiveCfg = Release|Any CPU
		{7BB798A2-48AD-4D8F-C4A9-454A8F37D539}.Release|Any CPU.Build.0 = Release|Any CPU
		{23380CD8-9F0A-46A4-B32B-34813B02F362}.Debug|Any CPU.ActiveCfg = Debug|Any CPU
		{23380CD8-9F0A-46A4-B32B-34813B02F362}.Debug|Any CPU.Build.0 = Debug|Any CPU
		{23380CD8-9F0A-46A4-B32B-34813B02F362}.Release|Any CPU.ActiveCfg = Release|Any CPU
		{23380CD8-9F0A-46A4-B32B-34813B02F362}.Release|Any CPU.Build.0 = Release|Any CPU
	EndGlobalSection
	GlobalSection(SolutionProperties) = preSolution
		HideSolutionNode = FALSE
	EndGlobalSection
	GlobalSection(MonoDevelopProperties) = preSolution
		StartupItem = Assembly-CSharp.csproj
	EndGlobalSection
EndGlobal
